// !$*UTF8*$!
{
	archiveVersion = 1;
	classes = {
	};
	objectVersion = 50;
	objects = {

/* Begin PBXBuildFile section */
		2AB346F521D8F85400F9A9CC /* AppDelegate.swift in Sources */ = {isa = PBXBuildFile; fileRef = 2AB346F421D8F85400F9A9CC /* AppDelegate.swift */; };
		2AB346F721D8F85400F9A9CC /* ViewController.swift in Sources */ = {isa = PBXBuildFile; fileRef = 2AB346F621D8F85400F9A9CC /* ViewController.swift */; };
		2AB346FA21D8F85400F9A9CC /* Main.storyboard in Resources */ = {isa = PBXBuildFile; fileRef = 2AB346F821D8F85400F9A9CC /* Main.storyboard */; };
		2AB346FC21D8F85400F9A9CC /* Assets.xcassets in Resources */ = {isa = PBXBuildFile; fileRef = 2AB346FB21D8F85400F9A9CC /* Assets.xcassets */; };
		2AB346FF21D8F85400F9A9CC /* LaunchScreen.storyboard in Resources */ = {isa = PBXBuildFile; fileRef = 2AB346FD21D8F85400F9A9CC /* LaunchScreen.storyboard */; };
		2ACEA61F21EA1CB7005BD7CD /* LocationService.swift in Sources */ = {isa = PBXBuildFile; fileRef = 2ACEA61E21EA1CB7005BD7CD /* LocationService.swift */; };
		2ACEA62121EB7664005BD7CD /* GpxService.swift in Sources */ = {isa = PBXBuildFile; fileRef = 2ACEA62021EB7664005BD7CD /* GpxService.swift */; };
		2ACEA62721EBE1AE005BD7CD /* test.gpx in Resources */ = {isa = PBXBuildFile; fileRef = 2ACEA62621EBE1AE005BD7CD /* test.gpx */; };
		3A7DEF52220DE00100A0E089 /* HelperService.swift in Sources */ = {isa = PBXBuildFile; fileRef = 3A7DEF51220DE00100A0E089 /* HelperService.swift */; };
		3AB620A12211D3BA00116077 /* prod.gpx in Resources */ = {isa = PBXBuildFile; fileRef = 3AB620A02211D3B900116077 /* prod.gpx */; };
		C6E0A32BD9187A8BB5A0872E /* Pods_rally_gpx.framework in Frameworks */ = {isa = PBXBuildFile; fileRef = F6A4972E1395D65FCEA086A8 /* Pods_rally_gpx.framework */; };
/* End PBXBuildFile section */

/* Begin PBXFileReference section */
		2AB346F121D8F85400F9A9CC /* rally-gpx.app */ = {isa = PBXFileReference; explicitFileType = wrapper.application; includeInIndex = 0; path = "rally-gpx.app"; sourceTree = BUILT_PRODUCTS_DIR; };
		2AB346F421D8F85400F9A9CC /* AppDelegate.swift */ = {isa = PBXFileReference; lastKnownFileType = sourcecode.swift; path = AppDelegate.swift; sourceTree = "<group>"; };
		2AB346F621D8F85400F9A9CC /* ViewController.swift */ = {isa = PBXFileReference; lastKnownFileType = sourcecode.swift; path = ViewController.swift; sourceTree = "<group>"; };
		2AB346F921D8F85400F9A9CC /* Base */ = {isa = PBXFileReference; lastKnownFileType = file.storyboard; name = Base; path = Base.lproj/Main.storyboard; sourceTree = "<group>"; };
		2AB346FB21D8F85400F9A9CC /* Assets.xcassets */ = {isa = PBXFileReference; lastKnownFileType = folder.assetcatalog; path = Assets.xcassets; sourceTree = "<group>"; };
		2AB346FE21D8F85400F9A9CC /* Base */ = {isa = PBXFileReference; lastKnownFileType = file.storyboard; name = Base; path = Base.lproj/LaunchScreen.storyboard; sourceTree = "<group>"; };
		2AB3470021D8F85400F9A9CC /* Info.plist */ = {isa = PBXFileReference; lastKnownFileType = text.plist.xml; path = Info.plist; sourceTree = "<group>"; };
		2ACEA61E21EA1CB7005BD7CD /* LocationService.swift */ = {isa = PBXFileReference; lastKnownFileType = sourcecode.swift; path = LocationService.swift; sourceTree = "<group>"; };
		2ACEA62021EB7664005BD7CD /* GpxService.swift */ = {isa = PBXFileReference; lastKnownFileType = sourcecode.swift; path = GpxService.swift; sourceTree = "<group>"; };
		2ACEA62621EBE1AE005BD7CD /* test.gpx */ = {isa = PBXFileReference; fileEncoding = 4; lastKnownFileType = text.xml; path = test.gpx; sourceTree = "<group>"; };
		2B99B1D6B239D756FBDC82FB /* Pods-rally-gpx.debug.xcconfig */ = {isa = PBXFileReference; includeInIndex = 1; lastKnownFileType = text.xcconfig; name = "Pods-rally-gpx.debug.xcconfig"; path = "Pods/Target Support Files/Pods-rally-gpx/Pods-rally-gpx.debug.xcconfig"; sourceTree = "<group>"; };
		3A7DEF51220DE00100A0E089 /* HelperService.swift */ = {isa = PBXFileReference; lastKnownFileType = sourcecode.swift; path = HelperService.swift; sourceTree = "<group>"; };
		3AB620A02211D3B900116077 /* prod.gpx */ = {isa = PBXFileReference; fileEncoding = 4; lastKnownFileType = text.xml; path = prod.gpx; sourceTree = "<group>"; };
		D568D9CC8701B8447A7B4045 /* Pods-rally-gpx.release.xcconfig */ = {isa = PBXFileReference; includeInIndex = 1; lastKnownFileType = text.xcconfig; name = "Pods-rally-gpx.release.xcconfig"; path = "Pods/Target Support Files/Pods-rally-gpx/Pods-rally-gpx.release.xcconfig"; sourceTree = "<group>"; };
		F6A4972E1395D65FCEA086A8 /* Pods_rally_gpx.framework */ = {isa = PBXFileReference; explicitFileType = wrapper.framework; includeInIndex = 0; path = Pods_rally_gpx.framework; sourceTree = BUILT_PRODUCTS_DIR; };
/* End PBXFileReference section */

/* Begin PBXFrameworksBuildPhase section */
		2AB346EE21D8F85400F9A9CC /* Frameworks */ = {
			isa = PBXFrameworksBuildPhase;
			buildActionMask = 2147483647;
			files = (
				C6E0A32BD9187A8BB5A0872E /* Pods_rally_gpx.framework in Frameworks */,
			);
			runOnlyForDeploymentPostprocessing = 0;
		};
/* End PBXFrameworksBuildPhase section */

/* Begin PBXGroup section */
		2AB346E821D8F85400F9A9CC = {
			isa = PBXGroup;
			children = (
				2AB346F321D8F85400F9A9CC /* rally-gpx */,
				2AB346F221D8F85400F9A9CC /* Products */,
				729A95428D92A28194337307 /* Pods */,
				34621FC041BF90E038A392DA /* Frameworks */,
			);
			sourceTree = "<group>";
		};
		2AB346F221D8F85400F9A9CC /* Products */ = {
			isa = PBXGroup;
			children = (
				2AB346F121D8F85400F9A9CC /* rally-gpx.app */,
			);
			name = Products;
			sourceTree = "<group>";
		};
		2AB346F321D8F85400F9A9CC /* rally-gpx */ = {
			isa = PBXGroup;
			children = (
				2ACEA62621EBE1AE005BD7CD /* test.gpx */,
				3AB620A02211D3B900116077 /* prod.gpx */,
				2AB346F421D8F85400F9A9CC /* AppDelegate.swift */,
				2ACEA61D21EA1CA2005BD7CD /* Services */,
				2AB346F621D8F85400F9A9CC /* ViewController.swift */,
				2AB346F821D8F85400F9A9CC /* Main.storyboard */,
				2AB346FB21D8F85400F9A9CC /* Assets.xcassets */,
				2AB346FD21D8F85400F9A9CC /* LaunchScreen.storyboard */,
				2AB3470021D8F85400F9A9CC /* Info.plist */,
			);
			path = "rally-gpx";
			sourceTree = "<group>";
		};
		2ACEA61D21EA1CA2005BD7CD /* Services */ = {
			isa = PBXGroup;
			children = (
				2ACEA61E21EA1CB7005BD7CD /* LocationService.swift */,
				2ACEA62021EB7664005BD7CD /* GpxService.swift */,
				3A7DEF51220DE00100A0E089 /* HelperService.swift */,
			);
			name = Services;
			path = "New Group";
			sourceTree = "<group>";
		};
		34621FC041BF90E038A392DA /* Frameworks */ = {
			isa = PBXGroup;
			children = (
				F6A4972E1395D65FCEA086A8 /* Pods_rally_gpx.framework */,
			);
			name = Frameworks;
			sourceTree = "<group>";
		};
		729A95428D92A28194337307 /* Pods */ = {
			isa = PBXGroup;
			children = (
				2B99B1D6B239D756FBDC82FB /* Pods-rally-gpx.debug.xcconfig */,
				D568D9CC8701B8447A7B4045 /* Pods-rally-gpx.release.xcconfig */,
			);
			name = Pods;
			sourceTree = "<group>";
		};
/* End PBXGroup section */

/* Begin PBXNativeTarget section */
		2AB346F021D8F85400F9A9CC /* rally-gpx */ = {
			isa = PBXNativeTarget;
			buildConfigurationList = 2AB3470321D8F85400F9A9CC /* Build configuration list for PBXNativeTarget "rally-gpx" */;
			buildPhases = (
				AA5FEF6925C6E2DEBDE1A4EB /* [CP] Check Pods Manifest.lock */,
				2AB346ED21D8F85400F9A9CC /* Sources */,
				2AB346EE21D8F85400F9A9CC /* Frameworks */,
				2AB346EF21D8F85400F9A9CC /* Resources */,
				151372B368490776E428A1AB /* [CP] Embed Pods Frameworks */,
				D6F818BC05131326BE3A07BD /* [CP] Copy Pods Resources */,
			);
			buildRules = (
			);
			dependencies = (
			);
			name = "rally-gpx";
			productName = "rally-gpx";
			productReference = 2AB346F121D8F85400F9A9CC /* rally-gpx.app */;
			productType = "com.apple.product-type.application";
		};
/* End PBXNativeTarget section */

/* Begin PBXProject section */
		2AB346E921D8F85400F9A9CC /* Project object */ = {
			isa = PBXProject;
			attributes = {
				LastSwiftUpdateCheck = 1010;
				LastUpgradeCheck = 1010;
				ORGANIZATIONNAME = "Roland Peelen";
				TargetAttributes = {
					2AB346F021D8F85400F9A9CC = {
						CreatedOnToolsVersion = 10.1;
					};
				};
			};
			buildConfigurationList = 2AB346EC21D8F85400F9A9CC /* Build configuration list for PBXProject "rally-gpx" */;
			compatibilityVersion = "Xcode 9.3";
			developmentRegion = en;
			hasScannedForEncodings = 0;
			knownRegions = (
				en,
				Base,
			);
			mainGroup = 2AB346E821D8F85400F9A9CC;
			productRefGroup = 2AB346F221D8F85400F9A9CC /* Products */;
			projectDirPath = "";
			projectRoot = "";
			targets = (
				2AB346F021D8F85400F9A9CC /* rally-gpx */,
			);
		};
/* End PBXProject section */

/* Begin PBXResourcesBuildPhase section */
		2AB346EF21D8F85400F9A9CC /* Resources */ = {
			isa = PBXResourcesBuildPhase;
			buildActionMask = 2147483647;
			files = (
				2AB346FF21D8F85400F9A9CC /* LaunchScreen.storyboard in Resources */,
				3AB620A12211D3BA00116077 /* prod.gpx in Resources */,
				2ACEA62721EBE1AE005BD7CD /* test.gpx in Resources */,
				2AB346FC21D8F85400F9A9CC /* Assets.xcassets in Resources */,
				2AB346FA21D8F85400F9A9CC /* Main.storyboard in Resources */,
			);
			runOnlyForDeploymentPostprocessing = 0;
		};
/* End PBXResourcesBuildPhase section */

/* Begin PBXShellScriptBuildPhase section */
		151372B368490776E428A1AB /* [CP] Embed Pods Frameworks */ = {
			isa = PBXShellScriptBuildPhase;
			buildActionMask = 2147483647;
			files = (
			);
			inputPaths = (
				"${SRCROOT}/Pods/Target Support Files/Pods-rally-gpx/Pods-rally-gpx-frameworks.sh",
				"${PODS_ROOT}/Mapbox-iOS-SDK/dynamic/Mapbox.framework",
				"${PODS_ROOT}/Mapbox-iOS-SDK/dynamic/Mapbox.framework.dSYM",
			);
			name = "[CP] Embed Pods Frameworks";
			outputPaths = (
				"${TARGET_BUILD_DIR}/${FRAMEWORKS_FOLDER_PATH}/Mapbox.framework",
				"${DWARF_DSYM_FOLDER_PATH}/Mapbox.framework.dSYM",
			);
			runOnlyForDeploymentPostprocessing = 0;
			shellPath = /bin/sh;
			shellScript = "\"${SRCROOT}/Pods/Target Support Files/Pods-rally-gpx/Pods-rally-gpx-frameworks.sh\"\n";
			showEnvVarsInLog = 0;
		};
		AA5FEF6925C6E2DEBDE1A4EB /* [CP] Check Pods Manifest.lock */ = {
			isa = PBXShellScriptBuildPhase;
			buildActionMask = 2147483647;
			files = (
			);
			inputPaths = (
				"${PODS_PODFILE_DIR_PATH}/Podfile.lock",
				"${PODS_ROOT}/Manifest.lock",
			);
			name = "[CP] Check Pods Manifest.lock";
			outputPaths = (
				"$(DERIVED_FILE_DIR)/Pods-rally-gpx-checkManifestLockResult.txt",
			);
			runOnlyForDeploymentPostprocessing = 0;
			shellPath = /bin/sh;
			shellScript = "diff \"${PODS_PODFILE_DIR_PATH}/Podfile.lock\" \"${PODS_ROOT}/Manifest.lock\" > /dev/null\nif [ $? != 0 ] ; then\n    # print error to STDERR\n    echo \"error: The sandbox is not in sync with the Podfile.lock. Run 'pod install' or update your CocoaPods installation.\" >&2\n    exit 1\nfi\n# This output is used by Xcode 'outputs' to avoid re-running this script phase.\necho \"SUCCESS\" > \"${SCRIPT_OUTPUT_FILE_0}\"\n";
			showEnvVarsInLog = 0;
		};
		D6F818BC05131326BE3A07BD /* [CP] Copy Pods Resources */ = {
			isa = PBXShellScriptBuildPhase;
			buildActionMask = 2147483647;
			files = (
			);
			inputPaths = (
			);
			name = "[CP] Copy Pods Resources";
			outputPaths = (
			);
			runOnlyForDeploymentPostprocessing = 0;
			shellPath = /bin/sh;
			shellScript = "\"${SRCROOT}/Pods/Target Support Files/Pods-rally-gpx/Pods-rally-gpx-resources.sh\"\n";
			showEnvVarsInLog = 0;
		};
/* End PBXShellScriptBuildPhase section */

/* Begin PBXSourcesBuildPhase section */
		2AB346ED21D8F85400F9A9CC /* Sources */ = {
			isa = PBXSourcesBuildPhase;
			buildActionMask = 2147483647;
			files = (
				2AB346F721D8F85400F9A9CC /* ViewController.swift in Sources */,
				3A7DEF52220DE00100A0E089 /* HelperService.swift in Sources */,
				2ACEA61F21EA1CB7005BD7CD /* LocationService.swift in Sources */,
				2AB346F521D8F85400F9A9CC /* AppDelegate.swift in Sources */,
				2ACEA62121EB7664005BD7CD /* GpxService.swift in Sources */,
			);
			runOnlyForDeploymentPostprocessing = 0;
		};
/* End PBXSourcesBuildPhase section */

/* Begin PBXVariantGroup section */
		2AB346F821D8F85400F9A9CC /* Main.storyboard */ = {
			isa = PBXVariantGroup;
			children = (
				2AB346F921D8F85400F9A9CC /* Base */,
			);
			name = Main.storyboard;
			sourceTree = "<group>";
		};
		2AB346FD21D8F85400F9A9CC /* LaunchScreen.storyboard */ = {
			isa = PBXVariantGroup;
			children = (
				2AB346FE21D8F85400F9A9CC /* Base */,
			);
			name = LaunchScreen.storyboard;
			sourceTree = "<group>";
		};
/* End PBXVariantGroup section */

/* Begin XCBuildConfiguration section */
		2AB3470121D8F85400F9A9CC /* Debug */ = {
			isa = XCBuildConfiguration;
			buildSettings = {
				ALWAYS_SEARCH_USER_PATHS = NO;
				CLANG_ANALYZER_NONNULL = YES;
				CLANG_ANALYZER_NUMBER_OBJECT_CONVERSION = YES_AGGRESSIVE;
				CLANG_CXX_LANGUAGE_STANDARD = "gnu++14";
				CLANG_CXX_LIBRARY = "libc++";
				CLANG_ENABLE_MODULES = YES;
				CLANG_ENABLE_OBJC_ARC = YES;
				CLANG_ENABLE_OBJC_WEAK = YES;
				CLANG_WARN_BLOCK_CAPTURE_AUTORELEASING = YES;
				CLANG_WARN_BOOL_CONVERSION = YES;
				CLANG_WARN_COMMA = YES;
				CLANG_WARN_CONSTANT_CONVERSION = YES;
				CLANG_WARN_DEPRECATED_OBJC_IMPLEMENTATIONS = YES;
				CLANG_WARN_DIRECT_OBJC_ISA_USAGE = YES_ERROR;
				CLANG_WARN_DOCUMENTATION_COMMENTS = YES;
				CLANG_WARN_EMPTY_BODY = YES;
				CLANG_WARN_ENUM_CONVERSION = YES;
				CLANG_WARN_INFINITE_RECURSION = YES;
				CLANG_WARN_INT_CONVERSION = YES;
				CLANG_WARN_NON_LITERAL_NULL_CONVERSION = YES;
				CLANG_WARN_OBJC_IMPLICIT_RETAIN_SELF = YES;
				CLANG_WARN_OBJC_LITERAL_CONVERSION = YES;
				CLANG_WARN_OBJC_ROOT_CLASS = YES_ERROR;
				CLANG_WARN_RANGE_LOOP_ANALYSIS = YES;
				CLANG_WARN_STRICT_PROTOTYPES = YES;
				CLANG_WARN_SUSPICIOUS_MOVE = YES;
				CLANG_WARN_UNGUARDED_AVAILABILITY = YES_AGGRESSIVE;
				CLANG_WARN_UNREACHABLE_CODE = YES;
				CLANG_WARN__DUPLICATE_METHOD_MATCH = YES;
				CODE_SIGN_IDENTITY = "iPhone Developer";
				COPY_PHASE_STRIP = NO;
				DEBUG_INFORMATION_FORMAT = dwarf;
				ENABLE_STRICT_OBJC_MSGSEND = YES;
				ENABLE_TESTABILITY = YES;
				GCC_C_LANGUAGE_STANDARD = gnu11;
				GCC_DYNAMIC_NO_PIC = NO;
				GCC_NO_COMMON_BLOCKS = YES;
				GCC_OPTIMIZATION_LEVEL = 0;
				GCC_PREPROCESSOR_DEFINITIONS = (
					"DEBUG=1",
					"$(inherited)",
				);
				GCC_WARN_64_TO_32_BIT_CONVERSION = YES;
				GCC_WARN_ABOUT_RETURN_TYPE = YES_ERROR;
				GCC_WARN_UNDECLARED_SELECTOR = YES;
				GCC_WARN_UNINITIALIZED_AUTOS = YES_AGGRESSIVE;
				GCC_WARN_UNUSED_FUNCTION = YES;
				GCC_WARN_UNUSED_VARIABLE = YES;
				IPHONEOS_DEPLOYMENT_TARGET = 12.1;
				MTL_ENABLE_DEBUG_INFO = INCLUDE_SOURCE;
				MTL_FAST_MATH = YES;
				ONLY_ACTIVE_ARCH = YES;
				SDKROOT = iphoneos;
				SWIFT_ACTIVE_COMPILATION_CONDITIONS = DEBUG;
				SWIFT_OPTIMIZATION_LEVEL = "-Onone";
			};
			name = Debug;
		};
		2AB3470221D8F85400F9A9CC /* Release */ = {
			isa = XCBuildConfiguration;
			buildSettings = {
				ALWAYS_SEARCH_USER_PATHS = NO;
				CLANG_ANALYZER_NONNULL = YES;
				CLANG_ANALYZER_NUMBER_OBJECT_CONVERSION = YES_AGGRESSIVE;
				CLANG_CXX_LANGUAGE_STANDARD = "gnu++14";
				CLANG_CXX_LIBRARY = "libc++";
				CLANG_ENABLE_MODULES = YES;
				CLANG_ENABLE_OBJC_ARC = YES;
				CLANG_ENABLE_OBJC_WEAK = YES;
				CLANG_WARN_BLOCK_CAPTURE_AUTORELEASING = YES;
				CLANG_WARN_BOOL_CONVERSION = YES;
				CLANG_WARN_COMMA = YES;
				CLANG_WARN_CONSTANT_CONVERSION = YES;
				CLANG_WARN_DEPRECATED_OBJC_IMPLEMENTATIONS = YES;
				CLANG_WARN_DIRECT_OBJC_ISA_USAGE = YES_ERROR;
				CLANG_WARN_DOCUMENTATION_COMMENTS = YES;
				CLANG_WARN_EMPTY_BODY = YES;
				CLANG_WARN_ENUM_CONVERSION = YES;
				CLANG_WARN_INFINITE_RECURSION = YES;
				CLANG_WARN_INT_CONVERSION = YES;
				CLANG_WARN_NON_LITERAL_NULL_CONVERSION = YES;
				CLANG_WARN_OBJC_IMPLICIT_RETAIN_SELF = YES;
				CLANG_WARN_OBJC_LITERAL_CONVERSION = YES;
				CLANG_WARN_OBJC_ROOT_CLASS = YES_ERROR;
				CLANG_WARN_RANGE_LOOP_ANALYSIS = YES;
				CLANG_WARN_STRICT_PROTOTYPES = YES;
				CLANG_WARN_SUSPICIOUS_MOVE = YES;
				CLANG_WARN_UNGUARDED_AVAILABILITY = YES_AGGRESSIVE;
				CLANG_WARN_UNREACHABLE_CODE = YES;
				CLANG_WARN__DUPLICATE_METHOD_MATCH = YES;
				CODE_SIGN_IDENTITY = "iPhone Developer";
				COPY_PHASE_STRIP = NO;
				DEBUG_INFORMATION_FORMAT = "dwarf-with-dsym";
				ENABLE_NS_ASSERTIONS = NO;
				ENABLE_STRICT_OBJC_MSGSEND = YES;
				GCC_C_LANGUAGE_STANDARD = gnu11;
				GCC_NO_COMMON_BLOCKS = YES;
				GCC_WARN_64_TO_32_BIT_CONVERSION = YES;
				GCC_WARN_ABOUT_RETURN_TYPE = YES_ERROR;
				GCC_WARN_UNDECLARED_SELECTOR = YES;
				GCC_WARN_UNINITIALIZED_AUTOS = YES_AGGRESSIVE;
				GCC_WARN_UNUSED_FUNCTION = YES;
				GCC_WARN_UNUSED_VARIABLE = YES;
				IPHONEOS_DEPLOYMENT_TARGET = 12.1;
				MTL_ENABLE_DEBUG_INFO = NO;
				MTL_FAST_MATH = YES;
				SDKROOT = iphoneos;
				SWIFT_COMPILATION_MODE = wholemodule;
				SWIFT_OPTIMIZATION_LEVEL = "-O";
				VALIDATE_PRODUCT = YES;
			};
			name = Release;
		};
		2AB3470421D8F85400F9A9CC /* Debug */ = {
			isa = XCBuildConfiguration;
			baseConfigurationReference = 2B99B1D6B239D756FBDC82FB /* Pods-rally-gpx.debug.xcconfig */;
			buildSettings = {
				ASSETCATALOG_COMPILER_APPICON_NAME = AppIcon;
				CODE_SIGN_STYLE = Automatic;
				DEVELOPMENT_TEAM = M7L34J8E2V;
				INFOPLIST_FILE = "rally-gpx/Info.plist";
				LD_RUNPATH_SEARCH_PATHS = (
					"$(inherited)",
					"@executable_path/Frameworks",
				);
				PRODUCT_BUNDLE_IDENTIFIER = "peppr.rally-gpx";
				PRODUCT_NAME = "$(TARGET_NAME)";
				SWIFT_VERSION = 4.2;
				TARGETED_DEVICE_FAMILY = "1,2";
			};
			name = Debug;
		};
		2AB3470521D8F85400F9A9CC /* Release */ = {
			isa = XCBuildConfiguration;
			baseConfigurationReference = D568D9CC8701B8447A7B4045 /* Pods-rally-gpx.release.xcconfig */;
			buildSettings = {
				ASSETCATALOG_COMPILER_APPICON_NAME = AppIcon;
				CODE_SIGN_STYLE = Automatic;
				DEVELOPMENT_TEAM = M7L34J8E2V;
				INFOPLIST_FILE = "rally-gpx/Info.plist";
				LD_RUNPATH_SEARCH_PATHS = (
					"$(inherited)",
					"@executable_path/Frameworks",
				);
				PRODUCT_BUNDLE_IDENTIFIER = "peppr.rally-gpx";
				PRODUCT_NAME = "$(TARGET_NAME)";
				SWIFT_VERSION = 4.2;
				TARGETED_DEVICE_FAMILY = "1,2";
			};
			name = Release;
		};
/* End XCBuildConfiguration section */

/* Begin XCConfigurationList section */
		2AB346EC21D8F85400F9A9CC /* Build configuration list for PBXProject "rally-gpx" */ = {
			isa = XCConfigurationList;
			buildConfigurations = (
				2AB3470121D8F85400F9A9CC /* Debug */,
				2AB3470221D8F85400F9A9CC /* Release */,
			);
			defaultConfigurationIsVisible = 0;
			defaultConfigurationName = Release;
		};
		2AB3470321D8F85400F9A9CC /* Build configuration list for PBXNativeTarget "rally-gpx" */ = {
			isa = XCConfigurationList;
			buildConfigurations = (
				2AB3470421D8F85400F9A9CC /* Debug */,
				2AB3470521D8F85400F9A9CC /* Release */,
			);
			defaultConfigurationIsVisible = 0;
			defaultConfigurationName = Release;
		};
/* End XCConfigurationList section */
	};
	rootObject = 2AB346E921D8F85400F9A9CC /* Project object */;
}
